
Microsoft Visual Studio Solution File, Format Version 12.00
# Visual Studio Version 17
VisualStudioVersion = 17.4.33103.184
MinimumVisualStudioVersion = 10.0.40219.1
Project("{FAE04EC0-301F-11D3-BF4B-00C04F79EFBC}") = "Dynamic link library", "Dynamic link library\Dynamic link library.csproj", "{8FBCDD4F-AE63-46CE-8D29-ADD95A351877}"
EndProject
Project("{FAE04EC0-301F-11D3-BF4B-00C04F79EFBC}") = "MyFancyConsoleApp", "ConsoleApp1\MyFancyConsoleApp.csproj", "{A3FB67E9-A390-4333-8012-BD1E3C7B6D5B}"
EndProject
Global
	GlobalSection(SolutionConfigurationPlatforms) = preSolution
		Debug|Any CPU = Debug|Any CPU
		Release|Any CPU = Release|Any CPU
	EndGlobalSection
	GlobalSection(ProjectConfigurationPlatforms) = postSolution
		{8FBCDD4F-AE63-46CE-8D29-ADD95A351877}.Debug|Any CPU.ActiveCfg = Debug|Any CPU
		{8FBCDD4F-AE63-46CE-8D29-ADD95A351877}.Debug|Any CPU.Build.0 = Debug|Any CPU
		{8FBCDD4F-AE63-46CE-8D29-ADD95A351877}.Release|Any CPU.ActiveCfg = Release|Any CPU
		{8FBCDD4F-AE63-46CE-8D29-ADD95A351877}.Release|Any CPU.Build.0 = Release|Any CPU
		{A3FB67E9-A390-4333-8012-BD1E3C7B6D5B}.Debug|Any CPU.ActiveCfg = Debug|Any CPU
		{A3FB67E9-A390-4333-8012-BD1E3C7B6D5B}.Debug|Any CPU.Build.0 = Debug|Any CPU
		{A3FB67E9-A390-4333-8012-BD1E3C7B6D5B}.Release|Any CPU.ActiveCfg = Release|Any CPU
		{A3FB67E9-A390-4333-8012-BD1E3C7B6D5B}.Release|Any CPU.Build.0 = Release|Any CPU
	EndGlobalSection
	GlobalSection(SolutionProperties) = preSolution
		HideSolutionNode = FALSE
	EndGlobalSection
	GlobalSection(ExtensibilityGlobals) = postSolution
		SolutionGuid = {5D13017D-F305-4A71-91E5-68C379A0ADB9}
	EndGlobalSection
EndGlobal
